# This file is automatically @generated by Cargo.
# It is not intended for manual editing.
version = 3

[[package]]
name = "arrayref"
version = "0.3.6"
source = "git+https://github.com/sgx-test/arrayref-sgx#53384f3a2e3ba0975eb0bb4452e6b03c2701d77e"

[[package]]
name = "arrayvec"
version = "0.5.2"
source = "git+https://github.com/sgx-test/arrayvec-sgx?branch=sgx#e048c8f1630d9bee5910627b8d1514f02b29f360"

[[package]]
name = "autocfg"
version = "1.0.1"
source = "registry+https://github.com/rust-lang/crates.io-index"
checksum = "cdb031dd78e28731d87d56cc8ffef4a8f36ca26c38fe2de700543e627f8a464a"

[[package]]
name = "bit-vec"
version = "0.6.3"
source = "git+https://github.com/sgx-test/bit-vec#17f06429e0ad0a9af936c03427d3cafca268ff9c"
dependencies = [
 "sgx_tstd",
]

[[package]]
name = "bitvec"
version = "0.18.0"
source = "git+https://github.com/sgx-test/bitvec-sgx?branch=0.18.0_sgx1.1.3#a6d3480f2ae65540a9e23b8593f3067ee5241615"
dependencies = [
 "funty",
 "radium",
 "sgx_tstd",
 "wyz",
]

[[package]]
name = "blake2b_simd"
version = "0.5.11"
source = "git+https://github.com/sgx-test/blake2b_smid-sgx?branch=main#a736140bc7f9c5d98f921df2d0a243ef21aa8afa"
dependencies = [
 "arrayref",
 "arrayvec",
 "constant_time_eq",
 "sgx_tstd",
]

[[package]]
name = "blobby"
version = "0.1.2"
source = "git+https://github.com/sgx-test/digest-sgx#abdcadcb55aab3fc681e182939b29d2a0786ecc2"
dependencies = [
 "byteorder 1.4.3 (git+https://github.com/sgx-test/digest-sgx)",
]

[[package]]
name = "block-buffer"
version = "0.7.3"
source = "git+https://github.com/mesalock-linux/rustcrypto-utils-sgx#07ebf780554e018037f750186d61ea9bdc031148"
dependencies = [
 "block-padding",
 "byte-tools",
 "byteorder 1.3.4",
 "generic-array 0.12.4",
]

[[package]]
name = "block-buffer"
version = "0.9.0"
source = "git+https://github.com/sgx-test/p256-sgx#97ec720d9c9be604c0043020df979c858e1ebc91"
dependencies = [
 "generic-array 0.14.4",
]

[[package]]
name = "block-padding"
version = "0.1.4"
source = "git+https://github.com/mesalock-linux/rustcrypto-utils-sgx#07ebf780554e018037f750186d61ea9bdc031148"
dependencies = [
 "byte-tools",
]

[[package]]
name = "byte-tools"
version = "0.3.1"
source = "git+https://github.com/mesalock-linux/rustcrypto-utils-sgx#07ebf780554e018037f750186d61ea9bdc031148"

[[package]]
name = "byteorder"
version = "1.3.4"
source = "git+https://github.com/mesalock-linux/byteorder-sgx#325f392dcd294109eb05f0a3c45e4141514c7784"
dependencies = [
 "sgx_tstd",
]

[[package]]
name = "byteorder"
version = "1.4.3"
source = "git+https://github.com/sgx-test/digest-sgx#abdcadcb55aab3fc681e182939b29d2a0786ecc2"
dependencies = [
 "sgx_tstd",
]

[[package]]
name = "byteorder"
version = "1.4.3"
source = "git+https://github.com/sgx-test/ff-zeroize-sgx#a897a335f090ffe8dca8719919f92faf900e5353"

[[package]]
name = "cc"
version = "1.0.69"
source = "registry+https://github.com/rust-lang/crates.io-index"
checksum = "e70cc2f62c6ce1868963827bd677764c62d07c3d9a3e1fb1177ee1a9ab199eb2"

[[package]]
name = "cfg-if"
version = "0.1.10"
source = "registry+https://github.com/rust-lang/crates.io-index"
checksum = "4785bdd1c96b2a846b2bd7cc02e86b6b3dbf14e7e53446c4f54c92a361040822"

[[package]]
name = "cfg-if"
version = "0.1.10"
source = "git+https://github.com/sgx-test/packed_simd-sgx.git#6340c10431c4b2f457b5d67dbdb4b26792c90762"

[[package]]
name = "clear_on_drop"
version = "0.2.4"
source = "git+https://github.com/sgx-test/clear_on_drop-sgx#c8e1e6e0d8b51b196846a12f3b90ffcd472bdbed"
dependencies = [
 "cc",
]

[[package]]
name = "constant_time_eq"
version = "0.1.5"
source = "git+https://github.com/sgx-test/constant_time_eq-sgx#0083c703804d2bcc5eecedccc313187224836203"

[[package]]
name = "cpufeatures"
version = "0.1.5"
source = "registry+https://github.com/rust-lang/crates.io-index"
checksum = "66c99696f6c9dd7f35d486b9d04d7e6e202aa3e8c40d553f2fdf5e7e0c6a71ef"
dependencies = [
 "libc",
]

[[package]]
name = "crypto-mac"
version = "0.7.0"
source = "git+https://github.com/sgx-test/hmac-sgx#7a98bc719b64e86e5805d685132d8b2373af05b8"
dependencies = [
 "blobby",
 "generic-array 0.12.4",
 "sgx_tstd",
 "subtle 2.2.2",
]

[[package]]
name = "crypto-mac"
version = "0.9.1"
source = "git+https://github.com/sgx-test/p256-sgx#97ec720d9c9be604c0043020df979c858e1ebc91"
dependencies = [
 "generic-array 0.14.4",
 "sgx_tstd",
 "subtle 2.2.2",
]

[[package]]
name = "cryptoxide"
version = "0.3.3"
source = "git+https://github.com/sgx-test/cryptoxide-sgx?branch=0.3.3-sgx#c560388759193125e2e5b7c7698312ba4b5c2d19"

[[package]]
name = "curv"
version = "0.7.0"
source = "git+https://github.com/sgx-test/curv-sgx#e24ce32de9fa1003f3a469a0fc516f614c3abe1c"
dependencies = [
 "blake2b_simd",
 "cryptoxide",
 "curve25519-dalek",
 "derivative",
 "digest 0.8.1",
 "ff-zeroize",
 "funty",
 "generic-array 0.14.4",
 "hex",
 "hmac 0.7.1",
 "lazy_static",
 "merkle-sha3",
 "num-bigint 0.4.0 (git+https://github.com/sgx-test/num-bigint-sgx)",
 "num-integer",
 "num-traits",
 "p256",
 "pairing-plus",
 "rand",
 "ring-algorithm",
 "rust-crypto",
 "secp256k1",
 "serde",
 "serde_derive",
 "sgx_tstd",
 "sha2 0.8.0",
 "sha3",
 "zeroize",
]

[[package]]
name = "curve25519-dalek"
version = "1.2.6"
source = "git+https://github.com/sgx-test/curve25519-dalek-sgx#627110e09c154a30738e1abe5fbc64f3942da99a"
dependencies = [
 "byteorder 1.4.3 (git+https://github.com/sgx-test/ff-zeroize-sgx)",
 "clear_on_drop",
 "digest 0.8.1",
 "rand_core",
 "sgx_tstd",
 "subtle 2.2.2",
]

[[package]]
name = "derivative"
version = "2.2.0"
source = "git+https://github.com/sgx-test/rust-derivative#5179a968ca6d70792f62dfe6727ab8d5b8b5cf5e"
dependencies = [
 "proc-macro2",
 "quote",
 "syn",
]

[[package]]
name = "digest"
version = "0.8.1"
source = "git+https://github.com/mesalock-linux/rustcrypto-traits-sgx#7a5cb154f438c2401b3d8e37de96dd0acf8f493e"
dependencies = [
 "generic-array 0.12.4",
 "sgx_tstd",
]

[[package]]
name = "digest"
version = "0.9.0"
source = "git+https://github.com/sgx-test/p256-sgx#97ec720d9c9be604c0043020df979c858e1ebc91"
dependencies = [
 "generic-array 0.14.4",
 "sgx_tstd",
]

[[package]]
name = "ecdsa"
version = "0.8.5"
source = "git+https://github.com/sgx-test/p256-sgx#97ec720d9c9be604c0043020df979c858e1ebc91"
dependencies = [
 "elliptic-curve",
 "hmac 0.9.0",
 "sgx_tstd",
 "signature",
]

[[package]]
name = "elliptic-curve"
version = "0.6.6"
source = "git+https://github.com/sgx-test/p256-sgx#97ec720d9c9be604c0043020df979c858e1ebc91"
dependencies = [
 "bitvec",
 "digest 0.9.0",
 "ff",
 "generic-array 0.14.4",
 "group",
 "rand_core",
 "sgx_tstd",
 "subtle 2.3.0",
 "zeroize",
]

[[package]]
name = "fake-simd"
version = "0.1.2"
source = "registry+https://github.com/rust-lang/crates.io-index"
checksum = "e88a8acf291dafb59c2d96e8f59828f3838bb1a70398823ade51a84de6a6deed"

[[package]]
name = "ff"
version = "0.8.0"
source = "git+https://github.com/sgx-test/p256-sgx#97ec720d9c9be604c0043020df979c858e1ebc91"
dependencies = [
 "bitvec",
 "rand_core",
 "subtle 2.3.0",
]

[[package]]
name = "ff-zeroize"
version = "0.6.3"
source = "git+https://github.com/sgx-test/ff-zeroize-sgx#a897a335f090ffe8dca8719919f92faf900e5353"
dependencies = [
 "byteorder 1.4.3 (git+https://github.com/sgx-test/digest-sgx)",
 "ff_derive-zeroize",
 "rand_core",
 "sgx_tstd",
 "zeroize",
]

[[package]]
name = "ff_derive-zeroize"
version = "0.6.2"
source = "git+https://github.com/sgx-test/ff-zeroize-sgx#a897a335f090ffe8dca8719919f92faf900e5353"
dependencies = [
 "num-bigint 0.4.0 (registry+https://github.com/rust-lang/crates.io-index)",
 "num-integer",
 "num-traits",
 "proc-macro2",
 "quote",
 "syn",
]

[[package]]
name = "funty"
version = "1.1.0"
source = "git+https://github.com/sgx-test/funty-sgx#074919076b21ed4d99ce6d6661867830230f3d62"
dependencies = [
 "sgx_tstd",
]

[[package]]
name = "generic-array"
version = "0.12.4"
source = "registry+https://github.com/rust-lang/crates.io-index"
checksum = "ffdf9f34f1447443d37393cc6c2b8313aebddcd96906caf34e54c68d8e57d7bd"
dependencies = [
 "typenum",
]

[[package]]
name = "generic-array"
version = "0.14.4"
source = "registry+https://github.com/rust-lang/crates.io-index"
checksum = "501466ecc8a30d1d3b7fc9229b122b2ce8ed6e9d9223f1138d4babb253e51817"
dependencies = [
 "typenum",
 "version_check",
]

[[package]]
name = "getrandom"
version = "0.1.14"
source = "git+https://github.com/mesalock-linux/getrandom-sgx#0aa9cc20c7dea713ccaac2c44430d625a395ebae"
dependencies = [
 "cfg-if 0.1.10 (registry+https://github.com/rust-lang/crates.io-index)",
 "sgx_libc",
 "sgx_trts",
 "sgx_tstd",
]

[[package]]
name = "group"
version = "0.8.0"
source = "git+https://github.com/sgx-test/p256-sgx#97ec720d9c9be604c0043020df979c858e1ebc91"
dependencies = [
 "ff",
 "rand_core",
 "subtle 2.3.0",
]

[[package]]
name = "hashbrown_tstd"
version = "0.9.0"
source = "git+https://github.com/apache/teaclave-sgx-sdk.git?rev=v1.1.3#a6a172e652b4db4eaa17e4faa078fda8922abdd0"

[[package]]
name = "hex"
version = "0.4.0"
source = "git+https://github.com/mesalock-linux/rust-hex-sgx#ee3266cd29b9f9c2eb69af9487f55c4f09c38f2b"
dependencies = [
 "sgx_tstd",
]

[[package]]
name = "hmac"
version = "0.7.1"
source = "git+https://github.com/sgx-test/hmac-sgx#7a98bc719b64e86e5805d685132d8b2373af05b8"
dependencies = [
 "crypto-mac 0.7.0",
 "digest 0.8.1",
 "sgx_tstd",
]

[[package]]
name = "hmac"
version = "0.9.0"
source = "git+https://github.com/sgx-test/p256-sgx#97ec720d9c9be604c0043020df979c858e1ebc91"
dependencies = [
 "crypto-mac 0.9.1",
 "digest 0.9.0",
]

[[package]]
name = "keccak"
version = "0.1.0"
source = "registry+https://github.com/rust-lang/crates.io-index"
checksum = "67c21572b4949434e4fc1e1978b99c5f77064153c59d998bf13ecd96fb5ecba7"

[[package]]
name = "lazy_static"
version = "1.4.0"
source = "git+https://github.com/sgx-test/lazy-static.rs#cd449c1c4480328aa347f7589dac9c5b2188411b"
dependencies = [
 "sgx_tstd",
]

[[package]]
name = "libc"
version = "0.2.98"
source = "registry+https://github.com/rust-lang/crates.io-index"
checksum = "320cfe77175da3a483efed4bc0adc1968ca050b098ce4f2f1c13a56626128790"

[[package]]
name = "merkle-sha3"
version = "0.1.0"
source = "git+https://github.com/sgx-test/merkle-sha3-sgx#26d7b1641771cba2d12b620ad12ecce87e0cb39a"
dependencies = [
 "rust-crypto",
 "sgx_tstd",
]

[[package]]
name = "num-bigint"
version = "0.4.0"
source = "registry+https://github.com/rust-lang/crates.io-index"
checksum = "4e0d047c1062aa51e256408c560894e5251f08925980e53cf1aa5bd00eec6512"
dependencies = [
 "autocfg",
 "num-integer",
 "num-traits",
]

[[package]]
name = "num-bigint"
version = "0.4.0"
source = "git+https://github.com/sgx-test/num-bigint-sgx#3989ce4d26c4198b75cde1729fd29b41a6753c59"
dependencies = [
 "autocfg",
 "num-integer",
 "num-traits",
 "serde",
]

[[package]]
name = "num-integer"
version = "0.1.44"
source = "registry+https://github.com/rust-lang/crates.io-index"
checksum = "d2cc698a63b549a70bc047073d2949cce27cd1c7b0a4a862d08a8031bc2801db"
dependencies = [
 "autocfg",
 "num-traits",
]

[[package]]
name = "num-traits"
version = "0.2.14"
source = "registry+https://github.com/rust-lang/crates.io-index"
checksum = "9a64b1ec5cda2586e284722486d802acf1f7dbdc623e2bfc57e65ca1cd099290"
dependencies = [
 "autocfg",
]

[[package]]
name = "opaque-debug"
version = "0.2.3"
source = "registry+https://github.com/rust-lang/crates.io-index"
checksum = "2839e79665f131bdb5782e51f2c6c9599c133c6098982a54c794358bf432529c"

[[package]]
name = "opaque-debug"
version = "0.3.0"
source = "git+https://github.com/sgx-test/p256-sgx#97ec720d9c9be604c0043020df979c858e1ebc91"

[[package]]
name = "p256"
version = "0.5.2"
source = "git+https://github.com/sgx-test/p256-sgx#97ec720d9c9be604c0043020df979c858e1ebc91"
dependencies = [
 "ecdsa",
 "elliptic-curve",
 "sha2 0.9.5",
]

[[package]]
name = "paillier"
version = "0.3.10"
source = "git+https://github.com/sgx-test/rust-paillier-sgx?branch=0.3.10-sgx#c0fb28220900d34186be5da7d54246a31716b66d"
dependencies = [
 "curv",
 "serde",
 "sgx_tstd",
]

[[package]]
name = "pairing-plus"
version = "0.19.0"
source = "git+https://github.com/sgx-test/pairing-plus-sgx#33169d7f1cb3f0717fc31b83d455ae9785bd99fc"
dependencies = [
 "byteorder 1.4.3 (git+https://github.com/sgx-test/digest-sgx)",
 "digest 0.8.1",
 "ff-zeroize",
 "rand",
 "rand_core",
 "rand_xorshift",
 "sgx_tstd",
 "zeroize",
]

[[package]]
name = "ppv-lite86"
version = "0.2.6"
source = "git+https://github.com/mesalock-linux/cryptocorrosion-sgx#32d7de50b5f03a10fe5a42167410be2dd3c2e389"

[[package]]
name = "proc-macro2"
version = "1.0.28"
source = "registry+https://github.com/rust-lang/crates.io-index"
checksum = "5c7ed8b8c7b886ea3ed7dde405212185f423ab44682667c8c6dd14aa1d9f6612"
dependencies = [
 "unicode-xid",
]

[[package]]
name = "quote"
version = "1.0.9"
source = "registry+https://github.com/rust-lang/crates.io-index"
checksum = "c3d0b9745dc2debf507c8422de05d7226cc1f0644216dfdfead988f9b1ab32a7"
dependencies = [
 "proc-macro2",
]

[[package]]
name = "radium"
version = "0.3.0"
source = "registry+https://github.com/rust-lang/crates.io-index"
checksum = "def50a86306165861203e7f84ecffbbdfdea79f0e51039b33de1e952358c47ac"

[[package]]
name = "rand"
version = "0.7.3"
source = "git+https://github.com/mesalock-linux/rand-sgx#83583f073de3b4f75c3c3ef5e174d484ed941f85"
dependencies = [
 "getrandom",
 "rand_chacha",
 "rand_core",
 "sgx_tstd",
]

[[package]]
name = "rand_chacha"
version = "0.2.2"
source = "git+https://github.com/mesalock-linux/rand-sgx#83583f073de3b4f75c3c3ef5e174d484ed941f85"
dependencies = [
 "ppv-lite86",
 "rand_core",
 "sgx_tstd",
]

[[package]]
name = "rand_core"
version = "0.5.1"
source = "git+https://github.com/mesalock-linux/rand-sgx#83583f073de3b4f75c3c3ef5e174d484ed941f85"
dependencies = [
 "getrandom",
 "sgx_tstd",
]

[[package]]
name = "rand_xorshift"
version = "0.2.0"
source = "git+https://github.com/sgx-test/p256-sgx#97ec720d9c9be604c0043020df979c858e1ebc91"
dependencies = [
 "rand_core",
]

[[package]]
name = "ring-algorithm"
version = "0.2.3"
source = "git+https://github.com/sgx-test/ring-algorithm-sgx?branch=0.2.3-sgx#ace28b4f25ca45174136c4e7859b14f14bc48bea"
dependencies = [
 "num-bigint 0.4.0 (registry+https://github.com/rust-lang/crates.io-index)",
 "num-traits",
 "sgx_tstd",
]

[[package]]
name = "rust-crypto"
version = "0.2.36"
source = "git+https://github.com/mesalock-linux/rust-crypto-sgx#4cdd9f96e39bd0b6a018f3a397a037a1e5a7de9f"
dependencies = [
 "cc",
 "rustc-serialize",
 "sgx_rand",
 "sgx_tstd",
 "sgx_types",
]

[[package]]
name = "rustc-serialize"
version = "0.3.24"
source = "git+https://github.com/mesalock-linux/rustc-serialize-sgx#674da51fd201667546d2b88c7c166fc99fe23374"
dependencies = [
 "sgx_tstd",
]

[[package]]
name = "secp256k1"
version = "0.20.3"
source = "git+https://github.com/sgx-test/secp256k1-sgx?branch=20.3-sgx#79b41b536a6ea04d542d6aae1a4cc02b03efa0ce"
dependencies = [
 "rand",
 "secp256k1-sys",
 "serde",
 "sgx_tstd",
]

[[package]]
name = "secp256k1-sys"
version = "0.4.0"
source = "git+https://github.com/sgx-test/secp256k1-sgx?branch=20.3-sgx#79b41b536a6ea04d542d6aae1a4cc02b03efa0ce"
dependencies = [
 "cc",
]

[[package]]
name = "serde"
version = "1.0.118"
source = "git+https://github.com/mesalock-linux/serde-sgx#db0226f1d5d70fca6b96af2c285851502204e21c"
dependencies = [
 "serde_derive",
 "sgx_tstd",
]

[[package]]
name = "serde_derive"
version = "1.0.118"
source = "git+https://github.com/mesalock-linux/serde-sgx#db0226f1d5d70fca6b96af2c285851502204e21c"
dependencies = [
 "proc-macro2",
 "quote",
 "syn",
]

[[package]]
name = "sgx_alloc"
version = "1.1.3"
source = "git+https://github.com/apache/teaclave-sgx-sdk.git?rev=v1.1.3#a6a172e652b4db4eaa17e4faa078fda8922abdd0"

[[package]]
name = "sgx_backtrace_sys"
version = "1.1.3"
source = "git+https://github.com/apache/teaclave-sgx-sdk.git?rev=v1.1.3#a6a172e652b4db4eaa17e4faa078fda8922abdd0"
dependencies = [
 "cc",
 "sgx_build_helper",
 "sgx_libc",
]

[[package]]
name = "sgx_build_helper"
version = "0.1.3"
source = "git+https://github.com/apache/teaclave-sgx-sdk.git?rev=v1.1.3#a6a172e652b4db4eaa17e4faa078fda8922abdd0"

[[package]]
name = "sgx_demangle"
version = "1.1.3"
source = "git+https://github.com/apache/teaclave-sgx-sdk.git?rev=v1.1.3#a6a172e652b4db4eaa17e4faa078fda8922abdd0"

[[package]]
name = "sgx_libc"
version = "1.1.3"
source = "git+https://github.com/apache/teaclave-sgx-sdk.git?rev=v1.1.3#a6a172e652b4db4eaa17e4faa078fda8922abdd0"
dependencies = [
 "sgx_types",
]

[[package]]
name = "sgx_rand"
version = "1.1.3"
source = "git+https://github.com/apache/teaclave-sgx-sdk.git?rev=v1.1.3#a6a172e652b4db4eaa17e4faa078fda8922abdd0"
dependencies = [
 "sgx_trts",
 "sgx_tstd",
 "sgx_types",
]

[[package]]
name = "sgx_tprotected_fs"
version = "1.1.3"
source = "git+https://github.com/apache/teaclave-sgx-sdk.git?rev=v1.1.3#a6a172e652b4db4eaa17e4faa078fda8922abdd0"
dependencies = [
 "sgx_trts",
 "sgx_types",
]

[[package]]
name = "sgx_trts"
version = "1.1.3"
source = "git+https://github.com/apache/teaclave-sgx-sdk.git?rev=v1.1.3#a6a172e652b4db4eaa17e4faa078fda8922abdd0"
dependencies = [
 "sgx_libc",
 "sgx_types",
]

[[package]]
name = "sgx_tstd"
version = "1.1.3"
source = "git+https://github.com/apache/teaclave-sgx-sdk.git?rev=v1.1.3#a6a172e652b4db4eaa17e4faa078fda8922abdd0"
dependencies = [
 "hashbrown_tstd",
 "sgx_alloc",
 "sgx_backtrace_sys",
 "sgx_demangle",
 "sgx_libc",
 "sgx_tprotected_fs",
 "sgx_trts",
 "sgx_types",
 "sgx_unwind",
]

[[package]]
name = "sgx_types"
version = "1.1.3"
source = "git+https://github.com/apache/teaclave-sgx-sdk.git?rev=v1.1.3#a6a172e652b4db4eaa17e4faa078fda8922abdd0"

[[package]]
name = "sgx_unwind"
version = "0.1.1"
source = "git+https://github.com/apache/teaclave-sgx-sdk.git?rev=v1.1.3#a6a172e652b4db4eaa17e4faa078fda8922abdd0"
dependencies = [
 "sgx_build_helper",
]

[[package]]
name = "sha2"
version = "0.8.0"
source = "git+https://github.com/mesalock-linux/rustcrypto-hashes-sgx#54ac4af765ec6b424add4e7559e82328bd052060"
dependencies = [
 "block-buffer 0.7.3",
 "digest 0.8.1",
 "fake-simd",
 "opaque-debug 0.2.3",
 "sgx_tstd",
]

[[package]]
name = "sha2"
version = "0.9.5"
source = "git+https://github.com/sgx-test/p256-sgx#97ec720d9c9be604c0043020df979c858e1ebc91"
dependencies = [
 "block-buffer 0.9.0",
 "cfg-if 0.1.10 (git+https://github.com/sgx-test/packed_simd-sgx.git)",
 "cpufeatures",
 "digest 0.9.0",
 "opaque-debug 0.3.0",
]

[[package]]
name = "sha3"
version = "0.8.2"
source = "git+https://github.com/mesalock-linux/rustcrypto-hashes-sgx#54ac4af765ec6b424add4e7559e82328bd052060"
dependencies = [
 "block-buffer 0.7.3",
 "byte-tools",
 "digest 0.8.1",
 "keccak",
 "opaque-debug 0.2.3",
 "sgx_tstd",
]

[[package]]
name = "signature"
version = "1.2.2"
source = "git+https://github.com/sgx-test/p256-sgx#97ec720d9c9be604c0043020df979c858e1ebc91"
dependencies = [
 "digest 0.9.0",
 "rand_core",
]

[[package]]
name = "subtle"
version = "2.2.2"
source = "git+https://github.com/mesalock-linux/subtle-sgx#8ee32fc0902a4594bd12e272357e2d76cde9dad1"

[[package]]
name = "subtle"
version = "2.3.0"
source = "git+https://github.com/sgx-test/subtle-sgx?branch=2.3-sgx1.1.3#15932b4d62f8373e90bcbb86adc4d46933045382"
dependencies = [
 "sgx_tstd",
]

[[package]]
name = "syn"
version = "1.0.74"
source = "registry+https://github.com/rust-lang/crates.io-index"
checksum = "1873d832550d4588c3dbc20f01361ab00bfe741048f71e3fecf145a7cc18b29c"
dependencies = [
 "proc-macro2",
 "quote",
 "unicode-xid",
]

[[package]]
name = "synstructure"
version = "0.12.5"
source = "registry+https://github.com/rust-lang/crates.io-index"
checksum = "474aaa926faa1603c40b7885a9eaea29b444d1cb2850cb7c0e37bb1a4182f4fa"
dependencies = [
 "proc-macro2",
 "quote",
 "syn",
 "unicode-xid",
]

[[package]]
name = "typenum"
version = "1.13.0"
source = "registry+https://github.com/rust-lang/crates.io-index"
checksum = "879f6906492a7cd215bfa4cf595b600146ccfac0c79bcbd1f3000162af5e8b06"

[[package]]
name = "unicode-xid"
version = "0.2.2"
source = "registry+https://github.com/rust-lang/crates.io-index"
checksum = "8ccb82d61f80a663efe1f787a51b16b5a51e3314d6ac365b08639f52387b33f3"

[[package]]
name = "version_check"
version = "0.9.3"
source = "registry+https://github.com/rust-lang/crates.io-index"
checksum = "5fecdca9a5291cc2b8dcf7dc02453fee791a280f3743cb0905f8822ae463b3fe"

[[package]]
name = "wyz"
version = "0.2.0"
source = "git+https://github.com/sgx-test/wyz?branch=0.2.0_sgx1.1.3#2ae2499ac0c0717a50fee4652e7b1bae29640d3b"
dependencies = [
 "sgx_tstd",
]

[[package]]
name = "zeroize"
version = "1.3.0"
source = "git+https://github.com/sgx-test/ff-zeroize-sgx#a897a335f090ffe8dca8719919f92faf900e5353"
dependencies = [
 "sgx_tstd",
 "zeroize_derive",
]

[[package]]
name = "zeroize_derive"
version = "1.1.0"
source = "git+https://github.com/sgx-test/ff-zeroize-sgx#a897a335f090ffe8dca8719919f92faf900e5353"
dependencies = [
 "proc-macro2",
 "quote",
 "syn",
 "synstructure",
]

[[package]]
name = "zk-paillier"
version = "0.3.12"
dependencies = [
 "bit-vec",
 "curv",
 "digest 0.8.1",
 "paillier",
 "rand",
 "serde",
 "sgx_tstd",
 "sha2 0.8.0",
]
